
Microsoft Visual Studio Solution File, Format Version 11.00
# Visual Studio 2010
Project("{FAE04EC0-301F-11D3-BF4B-00C04F79EFBC}") = "DR Type Thing", "Assembly-CSharp.csproj", "{D4EC3FAC-1A53-E4A1-8F7C-E1C2D49A8AF0}"
EndProject
Project("{FAE04EC0-301F-11D3-BF4B-00C04F79EFBC}") = "DR Type Thing", "Assembly-CSharp-Editor.csproj", "{0CFD8212-DB57-06F6-CAED-476AEF433BA1}"
EndProject
Global
	GlobalSection(SolutionConfigurationPlatforms) = preSolution
		Debug|Any CPU = Debug|Any CPU
		Release|Any CPU = Release|Any CPU
	EndGlobalSection
	GlobalSection(ProjectConfigurationPlatforms) = postSolution
		{D4EC3FAC-1A53-E4A1-8F7C-E1C2D49A8AF0}.Debug|Any CPU.ActiveCfg = Debug|Any CPU
		{D4EC3FAC-1A53-E4A1-8F7C-E1C2D49A8AF0}.Debug|Any CPU.Build.0 = Debug|Any CPU
		{D4EC3FAC-1A53-E4A1-8F7C-E1C2D49A8AF0}.Release|Any CPU.ActiveCfg = Release|Any CPU
		{D4EC3FAC-1A53-E4A1-8F7C-E1C2D49A8AF0}.Release|Any CPU.Build.0 = Release|Any CPU
		{0CFD8212-DB57-06F6-CAED-476AEF433BA1}.Debug|Any CPU.ActiveCfg = Debug|Any CPU
		{0CFD8212-DB57-06F6-CAED-476AEF433BA1}.Debug|Any CPU.Build.0 = Debug|Any CPU
		{0CFD8212-DB57-06F6-CAED-476AEF433BA1}.Release|Any CPU.ActiveCfg = Release|Any CPU
		{0CFD8212-DB57-06F6-CAED-476AEF433BA1}.Release|Any CPU.Build.0 = Release|Any CPU
	EndGlobalSection
	GlobalSection(SolutionProperties) = preSolution
		HideSolutionNode = FALSE
	EndGlobalSection
	GlobalSection(MonoDevelopProperties) = preSolution
		StartupItem = Assembly-CSharp.csproj
	EndGlobalSection
EndGlobal
